
Microsoft Visual Studio Solution File, Format Version 12.00
# Visual Studio 2013
VisualStudioVersion = 12.0.21005.1
MinimumVisualStudioVersion = 10.0.40219.1
Project("{FAE04EC0-301F-11D3-BF4B-00C04F79EFBC}") = "SevenDigital.Messaging.Base", "src\SevenDigital.Messaging.Base\SevenDigital.Messaging.Base.csproj", "{405A9DE3-4315-4E02-B504-7AD4BE58353A}"
EndProject
Project("{FAE04EC0-301F-11D3-BF4B-00C04F79EFBC}") = "Messaging.Base.Integration.Tests", "src\SevenDigital.Messaging.Base.Integration.Tests\Messaging.Base.Integration.Tests.csproj", "{08004102-E7A3-4324-B505-4E13DCA7258B}"
EndProject
Project("{2150E333-8FDC-42A3-9474-1A3956D46DE8}") = "Tests", "Tests", "{EC61287E-0A59-4A20-9453-EAB481E2F87B}"
EndProject
Project("{FAE04EC0-301F-11D3-BF4B-00C04F79EFBC}") = "Messaging.Base.Unit.Tests", "src\SevenDigital.Messaging.Base.Unit.Tests\Messaging.Base.Unit.Tests.csproj", "{B493B533-88B4-492C-8CA6-EB07AF30BAE5}"
EndProject
Project("{2150E333-8FDC-42A3-9474-1A3956D46DE8}") = "Notes", "Notes", "{7072CACC-C651-4631-9080-69FEE35A895C}"
	ProjectSection(SolutionItems) = preProject
		bonebear.png = bonebear.png
		README.md = README.md
	EndProjectSection
EndProject
Project("{FAE04EC0-301F-11D3-BF4B-00C04F79EFBC}") = "ExampleTypes", "src\ExampleTypes\ExampleTypes.csproj", "{FDDEE721-C397-4A8A-9C50-A24503BB6C5D}"
EndProject
Project("{2150E333-8FDC-42A3-9474-1A3956D46DE8}") = ".nuget", ".nuget", "{E4D6F762-C475-4A80-9D74-4B3D62427863}"
	ProjectSection(SolutionItems) = preProject
		.nuget\NuGet.Config = .nuget\NuGet.Config
		.nuget\NuGet.targets = .nuget\NuGet.targets
	EndProjectSection
EndProject
Global
	GlobalSection(SolutionConfigurationPlatforms) = preSolution
		Debug|Any CPU = Debug|Any CPU
		Debug|Mixed Platforms = Debug|Mixed Platforms
		Debug|x86 = Debug|x86
		Release|Any CPU = Release|Any CPU
		Release|Mixed Platforms = Release|Mixed Platforms
		Release|x86 = Release|x86
	EndGlobalSection
	GlobalSection(ProjectConfigurationPlatforms) = postSolution
		{405A9DE3-4315-4E02-B504-7AD4BE58353A}.Debug|Any CPU.ActiveCfg = Debug|Any CPU
		{405A9DE3-4315-4E02-B504-7AD4BE58353A}.Debug|Any CPU.Build.0 = Debug|Any CPU
		{405A9DE3-4315-4E02-B504-7AD4BE58353A}.Debug|Mixed Platforms.ActiveCfg = Debug|Any CPU
		{405A9DE3-4315-4E02-B504-7AD4BE58353A}.Debug|Mixed Platforms.Build.0 = Debug|Any CPU
		{405A9DE3-4315-4E02-B504-7AD4BE58353A}.Debug|x86.ActiveCfg = Debug|Any CPU
		{405A9DE3-4315-4E02-B504-7AD4BE58353A}.Release|Any CPU.ActiveCfg = Release|Any CPU
		{405A9DE3-4315-4E02-B504-7AD4BE58353A}.Release|Any CPU.Build.0 = Release|Any CPU
		{405A9DE3-4315-4E02-B504-7AD4BE58353A}.Release|Mixed Platforms.ActiveCfg = Release|Any CPU
		{405A9DE3-4315-4E02-B504-7AD4BE58353A}.Release|Mixed Platforms.Build.0 = Release|Any CPU
		{405A9DE3-4315-4E02-B504-7AD4BE58353A}.Release|x86.ActiveCfg = Release|Any CPU
		{08004102-E7A3-4324-B505-4E13DCA7258B}.Debug|Any CPU.ActiveCfg = Debug|Any CPU
		{08004102-E7A3-4324-B505-4E13DCA7258B}.Debug|Any CPU.Build.0 = Debug|Any CPU
		{08004102-E7A3-4324-B505-4E13DCA7258B}.Debug|Mixed Platforms.ActiveCfg = Debug|Any CPU
		{08004102-E7A3-4324-B505-4E13DCA7258B}.Debug|Mixed Platforms.Build.0 = Debug|Any CPU
		{08004102-E7A3-4324-B505-4E13DCA7258B}.Debug|x86.ActiveCfg = Debug|Any CPU
		{08004102-E7A3-4324-B505-4E13DCA7258B}.Release|Any CPU.ActiveCfg = Release|Any CPU
		{08004102-E7A3-4324-B505-4E13DCA7258B}.Release|Any CPU.Build.0 = Release|Any CPU
		{08004102-E7A3-4324-B505-4E13DCA7258B}.Release|Mixed Platforms.ActiveCfg = Release|Any CPU
		{08004102-E7A3-4324-B505-4E13DCA7258B}.Release|Mixed Platforms.Build.0 = Release|Any CPU
		{08004102-E7A3-4324-B505-4E13DCA7258B}.Release|x86.ActiveCfg = Release|Any CPU
		{B493B533-88B4-492C-8CA6-EB07AF30BAE5}.Debug|Any CPU.ActiveCfg = Debug|Any CPU
		{B493B533-88B4-492C-8CA6-EB07AF30BAE5}.Debug|Any CPU.Build.0 = Debug|Any CPU
		{B493B533-88B4-492C-8CA6-EB07AF30BAE5}.Debug|Mixed Platforms.ActiveCfg = Debug|Any CPU
		{B493B533-88B4-492C-8CA6-EB07AF30BAE5}.Debug|Mixed Platforms.Build.0 = Debug|Any CPU
		{B493B533-88B4-492C-8CA6-EB07AF30BAE5}.Debug|x86.ActiveCfg = Debug|Any CPU
		{B493B533-88B4-492C-8CA6-EB07AF30BAE5}.Release|Any CPU.ActiveCfg = Release|Any CPU
		{B493B533-88B4-492C-8CA6-EB07AF30BAE5}.Release|Any CPU.Build.0 = Release|Any CPU
		{B493B533-88B4-492C-8CA6-EB07AF30BAE5}.Release|Mixed Platforms.ActiveCfg = Release|Any CPU
		{B493B533-88B4-492C-8CA6-EB07AF30BAE5}.Release|Mixed Platforms.Build.0 = Release|Any CPU
		{B493B533-88B4-492C-8CA6-EB07AF30BAE5}.Release|x86.ActiveCfg = Release|Any CPU
		{FDDEE721-C397-4A8A-9C50-A24503BB6C5D}.Debug|Any CPU.ActiveCfg = Debug|Any CPU
		{FDDEE721-C397-4A8A-9C50-A24503BB6C5D}.Debug|Any CPU.Build.0 = Debug|Any CPU
		{FDDEE721-C397-4A8A-9C50-A24503BB6C5D}.Debug|Mixed Platforms.ActiveCfg = Debug|Any CPU
		{FDDEE721-C397-4A8A-9C50-A24503BB6C5D}.Debug|Mixed Platforms.Build.0 = Debug|Any CPU
		{FDDEE721-C397-4A8A-9C50-A24503BB6C5D}.Debug|x86.ActiveCfg = Debug|Any CPU
		{FDDEE721-C397-4A8A-9C50-A24503BB6C5D}.Release|Any CPU.ActiveCfg = Release|Any CPU
		{FDDEE721-C397-4A8A-9C50-A24503BB6C5D}.Release|Any CPU.Build.0 = Release|Any CPU
		{FDDEE721-C397-4A8A-9C50-A24503BB6C5D}.Release|Mixed Platforms.ActiveCfg = Release|Any CPU
		{FDDEE721-C397-4A8A-9C50-A24503BB6C5D}.Release|Mixed Platforms.Build.0 = Release|Any CPU
		{FDDEE721-C397-4A8A-9C50-A24503BB6C5D}.Release|x86.ActiveCfg = Release|Any CPU
	EndGlobalSection
	GlobalSection(SolutionProperties) = preSolution
		HideSolutionNode = FALSE
	EndGlobalSection
	GlobalSection(NestedProjects) = preSolution
		{08004102-E7A3-4324-B505-4E13DCA7258B} = {EC61287E-0A59-4A20-9453-EAB481E2F87B}
		{B493B533-88B4-492C-8CA6-EB07AF30BAE5} = {EC61287E-0A59-4A20-9453-EAB481E2F87B}
		{FDDEE721-C397-4A8A-9C50-A24503BB6C5D} = {EC61287E-0A59-4A20-9453-EAB481E2F87B}
	EndGlobalSection
EndGlobal
